{
  "name": "L3A-Random--generator",
  "lockfileVersion": 3,
  "requires": true,
  "packages": {
    "": {
      "dependencies": {
        "random--generator": "^1.0.1"
      }
    },
    "node_modules/random--generator": {
      "version": "1.0.1",
      "resolved": "https://registry.npmjs.org/random--generator/-/random--generator-1.0.1.tgz",
      "integrity": "sha512-uSYTHnKIAUu+y1L4JzCP1FLv2CMlW/F7kgbQa3WAVYd9vulWo7lWdgMdb2K3Y16kmDjQSG7a17COrUir9PU6TQ==",
      "license": "MIT"
    }
  }
}
